
Microsoft Visual Studio Solution File, Format Version 12.00
# Visual Studio Version 17
VisualStudioVersion = 17.0.32112.339
MinimumVisualStudioVersion = 10.0.40219.1
Project("{9A19103F-16F7-4668-BE54-9A1E7A4F7556}") = "Centrino.Email.Templates", "Centrino.Email.Templates.csproj", "{9342F406-832D-481A-8F4C-921FF77FFA77}"
EndProject
Global
	GlobalSection(SolutionConfigurationPlatforms) = preSolution
		Debug|Any CPU = Debug|Any CPU
		Release|Any CPU = Release|Any CPU
	EndGlobalSection
	GlobalSection(ProjectConfigurationPlatforms) = postSolution
		{9342F406-832D-481A-8F4C-921FF77FFA77}.Debug|Any CPU.ActiveCfg = Debug|Any CPU
		{9342F406-832D-481A-8F4C-921FF77FFA77}.Debug|Any CPU.Build.0 = Debug|Any CPU
		{9342F406-832D-481A-8F4C-921FF77FFA77}.Release|Any CPU.ActiveCfg = Release|Any CPU
		{9342F406-832D-481A-8F4C-921FF77FFA77}.Release|Any CPU.Build.0 = Release|Any CPU
	EndGlobalSection
	GlobalSection(SolutionProperties) = preSolution
		HideSolutionNode = FALSE
	EndGlobalSection
	GlobalSection(ExtensibilityGlobals) = postSolution
		SolutionGuid = {56D26866-4B9A-40A4-908D-0F22423D58BA}
	EndGlobalSection
EndGlobal
